// !$*UTF8*$!
{
	archiveVersion = 1;
	classes = {
	};
	objectVersion = 77;
	objects = {

/* Begin PBXBuildFile section */
		983F40722D96291500E60525 /* Toast in Frameworks */ = {isa = PBXBuildFile; productRef = 983F40712D96291500E60525 /* Toast */; };
		98B860142D82BEEA0045C41E /* Kingfisher in Frameworks */ = {isa = PBXBuildFile; productRef = 98B860132D82BEEA0045C41E /* Kingfisher */; };
		98CAA4BB2DAE2C9F003CC791 /* Alamofire in Frameworks */ = {isa = PBXBuildFile; productRef = 98CAA4BA2DAE2C9F003CC791 /* Alamofire */; };
/* End PBXBuildFile section */

/* Begin PBXContainerItemProxy section */
		98B85A482D7FFA690045C41E /* PBXContainerItemProxy */ = {
			isa = PBXContainerItemProxy;
			containerPortal = 98B85A292D7FFA670045C41E /* Project object */;
			proxyType = 1;
			remoteGlobalIDString = 98B85A302D7FFA670045C41E;
			remoteInfo = CatApp_Turtorial;
		};
		98B85A522D7FFA690045C41E /* PBXContainerItemProxy */ = {
			isa = PBXContainerItemProxy;
			containerPortal = 98B85A292D7FFA670045C41E /* Project object */;
			proxyType = 1;
			remoteGlobalIDString = 98B85A302D7FFA670045C41E;
			remoteInfo = CatApp_Turtorial;
		};
/* End PBXContainerItemProxy section */

/* Begin PBXFileReference section */
		98B85A312D7FFA670045C41E /* CatApp_Alamofire.app */ = {isa = PBXFileReference; explicitFileType = wrapper.application; includeInIndex = 0; path = CatApp_Alamofire.app; sourceTree = BUILT_PRODUCTS_DIR; };
		98B85A472D7FFA690045C41E /* CatApp_AlamofireTests.xctest */ = {isa = PBXFileReference; explicitFileType = wrapper.cfbundle; includeInIndex = 0; path = CatApp_AlamofireTests.xctest; sourceTree = BUILT_PRODUCTS_DIR; };
		98B85A512D7FFA690045C41E /* CatApp_AlamofireUITests.xctest */ = {isa = PBXFileReference; explicitFileType = wrapper.cfbundle; includeInIndex = 0; path = CatApp_AlamofireUITests.xctest; sourceTree = BUILT_PRODUCTS_DIR; };
/* End PBXFileReference section */

/* Begin PBXFileSystemSynchronizedBuildFileExceptionSet section */
		98CAA41A2DADF382003CC791 /* Exceptions for "CatApp_Alamofire" folder in "CatApp_AlamofireTests" target */ = {
			isa = PBXFileSystemSynchronizedBuildFileExceptionSet;
			membershipExceptions = (
				Info.plist,
			);
			target = 98B85A462D7FFA690045C41E /* CatApp_AlamofireTests */;
		};
		98CAA41B2DADF382003CC791 /* Exceptions for "CatApp_Alamofire" folder in "CatApp_AlamofireUITests" target */ = {
			isa = PBXFileSystemSynchronizedBuildFileExceptionSet;
			membershipExceptions = (
				Info.plist,
			);
			target = 98B85A502D7FFA690045C41E /* CatApp_AlamofireUITests */;
		};
		98CAA41C2DADF534003CC791 /* Exceptions for "CatApp_Alamofire" folder in "CatApp_Alamofire" target */ = {
			isa = PBXFileSystemSynchronizedBuildFileExceptionSet;
			membershipExceptions = (
				Info.plist,
			);
			target = 98B85A302D7FFA670045C41E /* CatApp_Alamofire */;
		};
/* End PBXFileSystemSynchronizedBuildFileExceptionSet section */

/* Begin PBXFileSystemSynchronizedRootGroup section */
		98B85A332D7FFA670045C41E /* CatApp_Alamofire */ = {
			isa = PBXFileSystemSynchronizedRootGroup;
			exceptions = (
				98CAA41C2DADF534003CC791 /* Exceptions for "CatApp_Alamofire" folder in "CatApp_Alamofire" target */,
				98CAA41A2DADF382003CC791 /* Exceptions for "CatApp_Alamofire" folder in "CatApp_AlamofireTests" target */,
				98CAA41B2DADF382003CC791 /* Exceptions for "CatApp_Alamofire" folder in "CatApp_AlamofireUITests" target */,
			);
			path = CatApp_Alamofire;
			sourceTree = "<group>";
		};
		98B85A4A2D7FFA690045C41E /* CatApp_TurtorialTests */ = {
			isa = PBXFileSystemSynchronizedRootGroup;
			path = CatApp_TurtorialTests;
			sourceTree = "<group>";
		};
		98B85A542D7FFA690045C41E /* CatApp_TurtorialUITests */ = {
			isa = PBXFileSystemSynchronizedRootGroup;
			path = CatApp_TurtorialUITests;
			sourceTree = "<group>";
		};
/* End PBXFileSystemSynchronizedRootGroup section */

/* Begin PBXFrameworksBuildPhase section */
		98B85A2E2D7FFA670045C41E /* Frameworks */ = {
			isa = PBXFrameworksBuildPhase;
			buildActionMask = 2147483647;
			files = (
				983F40722D96291500E60525 /* Toast in Frameworks */,
				98CAA4BB2DAE2C9F003CC791 /* Alamofire in Frameworks */,
				98B860142D82BEEA0045C41E /* Kingfisher in Frameworks */,
			);
			runOnlyForDeploymentPostprocessing = 0;
		};
		98B85A442D7FFA690045C41E /* Frameworks */ = {
			isa = PBXFrameworksBuildPhase;
			buildActionMask = 2147483647;
			files = (
			);
			runOnlyForDeploymentPostprocessing = 0;
		};
		98B85A4E2D7FFA690045C41E /* Frameworks */ = {
			isa = PBXFrameworksBuildPhase;
			buildActionMask = 2147483647;
			files = (
			);
			runOnlyForDeploymentPostprocessing = 0;
		};
/* End PBXFrameworksBuildPhase section */

/* Begin PBXGroup section */
		98B85A282D7FFA670045C41E = {
			isa = PBXGroup;
			children = (
				98B85A332D7FFA670045C41E /* CatApp_Alamofire */,
				98B85A4A2D7FFA690045C41E /* CatApp_TurtorialTests */,
				98B85A542D7FFA690045C41E /* CatApp_TurtorialUITests */,
				98B85A322D7FFA670045C41E /* Products */,
			);
			sourceTree = "<group>";
		};
		98B85A322D7FFA670045C41E /* Products */ = {
			isa = PBXGroup;
			children = (
				98B85A312D7FFA670045C41E /* CatApp_Alamofire.app */,
				98B85A472D7FFA690045C41E /* CatApp_AlamofireTests.xctest */,
				98B85A512D7FFA690045C41E /* CatApp_AlamofireUITests.xctest */,
			);
			name = Products;
			sourceTree = "<group>";
		};
/* End PBXGroup section */

/* Begin PBXNativeTarget section */
		98B85A302D7FFA670045C41E /* CatApp_Alamofire */ = {
			isa = PBXNativeTarget;
			buildConfigurationList = 98B85A5A2D7FFA690045C41E /* Build configuration list for PBXNativeTarget "CatApp_Alamofire" */;
			buildPhases = (
				98B85A2D2D7FFA670045C41E /* Sources */,
				98B85A2E2D7FFA670045C41E /* Frameworks */,
				98B85A2F2D7FFA670045C41E /* Resources */,
			);
			buildRules = (
			);
			dependencies = (
			);
			fileSystemSynchronizedGroups = (
				98B85A332D7FFA670045C41E /* CatApp_Alamofire */,
			);
			name = CatApp_Alamofire;
			packageProductDependencies = (
				98B860132D82BEEA0045C41E /* Kingfisher */,
				983F40712D96291500E60525 /* Toast */,
				98CAA4BA2DAE2C9F003CC791 /* Alamofire */,
			);
			productName = CatApp_Turtorial;
			productReference = 98B85A312D7FFA670045C41E /* CatApp_Alamofire.app */;
			productType = "com.apple.product-type.application";
		};
		98B85A462D7FFA690045C41E /* CatApp_AlamofireTests */ = {
			isa = PBXNativeTarget;
			buildConfigurationList = 98B85A5F2D7FFA690045C41E /* Build configuration list for PBXNativeTarget "CatApp_AlamofireTests" */;
			buildPhases = (
				98B85A432D7FFA690045C41E /* Sources */,
				98B85A442D7FFA690045C41E /* Frameworks */,
				98B85A452D7FFA690045C41E /* Resources */,
			);
			buildRules = (
			);
			dependencies = (
				98B85A492D7FFA690045C41E /* PBXTargetDependency */,
			);
			fileSystemSynchronizedGroups = (
				98B85A4A2D7FFA690045C41E /* CatApp_TurtorialTests */,
			);
			name = CatApp_AlamofireTests;
			packageProductDependencies = (
			);
			productName = CatApp_TurtorialTests;
			productReference = 98B85A472D7FFA690045C41E /* CatApp_AlamofireTests.xctest */;
			productType = "com.apple.product-type.bundle.unit-test";
		};
		98B85A502D7FFA690045C41E /* CatApp_AlamofireUITests */ = {
			isa = PBXNativeTarget;
			buildConfigurationList = 98B85A622D7FFA690045C41E /* Build configuration list for PBXNativeTarget "CatApp_AlamofireUITests" */;
			buildPhases = (
				98B85A4D2D7FFA690045C41E /* Sources */,
				98B85A4E2D7FFA690045C41E /* Frameworks */,
				98B85A4F2D7FFA690045C41E /* Resources */,
			);
			buildRules = (
			);
			dependencies = (
				98B85A532D7FFA690045C41E /* PBXTargetDependency */,
			);
			fileSystemSynchronizedGroups = (
				98B85A542D7FFA690045C41E /* CatApp_TurtorialUITests */,
			);
			name = CatApp_AlamofireUITests;
			packageProductDependencies = (
			);
			productName = CatApp_TurtorialUITests;
			productReference = 98B85A512D7FFA690045C41E /* CatApp_AlamofireUITests.xctest */;
			productType = "com.apple.product-type.bundle.ui-testing";
		};
/* End PBXNativeTarget section */

/* Begin PBXProject section */
		98B85A292D7FFA670045C41E /* Project object */ = {
			isa = PBXProject;
			attributes = {
				BuildIndependentTargetsInParallel = 1;
				LastSwiftUpdateCheck = 1620;
				LastUpgradeCheck = 1620;
				TargetAttributes = {
					98B85A302D7FFA670045C41E = {
						CreatedOnToolsVersion = 16.2;
					};
					98B85A462D7FFA690045C41E = {
						CreatedOnToolsVersion = 16.2;
						TestTargetID = 98B85A302D7FFA670045C41E;
					};
					98B85A502D7FFA690045C41E = {
						CreatedOnToolsVersion = 16.2;
						TestTargetID = 98B85A302D7FFA670045C41E;
					};
				};
			};
			buildConfigurationList = 98B85A2C2D7FFA670045C41E /* Build configuration list for PBXProject "CatApp_Alamofire" */;
			developmentRegion = ko;
			hasScannedForEncodings = 0;
			knownRegions = (
				en,
				Base,
				ko,
			);
			mainGroup = 98B85A282D7FFA670045C41E;
			minimizedProjectReferenceProxies = 1;
			packageReferences = (
				98B860122D82BEEA0045C41E /* XCRemoteSwiftPackageReference "Kingfisher" */,
				983F40702D96291500E60525 /* XCRemoteSwiftPackageReference "Toast-Swift" */,
				98CAA4B92DAE2C9F003CC791 /* XCRemoteSwiftPackageReference "Alamofire" */,
			);
			preferredProjectObjectVersion = 77;
			productRefGroup = 98B85A322D7FFA670045C41E /* Products */;
			projectDirPath = "";
			projectRoot = "";
			targets = (
				98B85A302D7FFA670045C41E /* CatApp_Alamofire */,
				98B85A462D7FFA690045C41E /* CatApp_AlamofireTests */,
				98B85A502D7FFA690045C41E /* CatApp_AlamofireUITests */,
			);
		};
/* End PBXProject section */

/* Begin PBXResourcesBuildPhase section */
		98B85A2F2D7FFA670045C41E /* Resources */ = {
			isa = PBXResourcesBuildPhase;
			buildActionMask = 2147483647;
			files = (
			);
			runOnlyForDeploymentPostprocessing = 0;
		};
		98B85A452D7FFA690045C41E /* Resources */ = {
			isa = PBXResourcesBuildPhase;
			buildActionMask = 2147483647;
			files = (
			);
			runOnlyForDeploymentPostprocessing = 0;
		};
		98B85A4F2D7FFA690045C41E /* Resources */ = {
			isa = PBXResourcesBuildPhase;
			buildActionMask = 2147483647;
			files = (
			);
			runOnlyForDeploymentPostprocessing = 0;
		};
/* End PBXResourcesBuildPhase section */

/* Begin PBXSourcesBuildPhase section */
		98B85A2D2D7FFA670045C41E /* Sources */ = {
			isa = PBXSourcesBuildPhase;
			buildActionMask = 2147483647;
			files = (
			);
			runOnlyForDeploymentPostprocessing = 0;
		};
		98B85A432D7FFA690045C41E /* Sources */ = {
			isa = PBXSourcesBuildPhase;
			buildActionMask = 2147483647;
			files = (
			);
			runOnlyForDeploymentPostprocessing = 0;
		};
		98B85A4D2D7FFA690045C41E /* Sources */ = {
			isa = PBXSourcesBuildPhase;
			buildActionMask = 2147483647;
			files = (
			);
			runOnlyForDeploymentPostprocessing = 0;
		};
/* End PBXSourcesBuildPhase section */

/* Begin PBXTargetDependency section */
		98B85A492D7FFA690045C41E /* PBXTargetDependency */ = {
			isa = PBXTargetDependency;
			target = 98B85A302D7FFA670045C41E /* CatApp_Alamofire */;
			targetProxy = 98B85A482D7FFA690045C41E /* PBXContainerItemProxy */;
		};
		98B85A532D7FFA690045C41E /* PBXTargetDependency */ = {
			isa = PBXTargetDependency;
			target = 98B85A302D7FFA670045C41E /* CatApp_Alamofire */;
			targetProxy = 98B85A522D7FFA690045C41E /* PBXContainerItemProxy */;
		};
/* End PBXTargetDependency section */

/* Begin XCBuildConfiguration section */
		98B85A5B2D7FFA690045C41E /* Debug */ = {
			isa = XCBuildConfiguration;
			buildSettings = {
				ASSETCATALOG_COMPILER_APPICON_NAME = AppIcon;
				ASSETCATALOG_COMPILER_GLOBAL_ACCENT_COLOR_NAME = AccentColor;
				CODE_SIGN_STYLE = Automatic;
				CURRENT_PROJECT_VERSION = 1;
				DEVELOPMENT_TEAM = M27RR2P58B;
				GENERATE_INFOPLIST_FILE = YES;
				INFOPLIST_FILE = CatApp_Alamofire/info.plist;
				INFOPLIST_KEY_NSPhotoLibraryAddUsageDescription = "사진 추가를 위해서는 권한이 필요합니다.";
				INFOPLIST_KEY_NSPhotoLibraryUsageDescription = "앨범 접근";
				INFOPLIST_KEY_UIApplicationSupportsIndirectInputEvents = YES;
				INFOPLIST_KEY_UILaunchStoryboardName = LaunchScreen;
				INFOPLIST_KEY_UIMainStoryboardFile = Main;
				INFOPLIST_KEY_UISupportedInterfaceOrientations_iPad = "UIInterfaceOrientationPortrait UIInterfaceOrientationPortraitUpsideDown UIInterfaceOrientationLandscapeLeft UIInterfaceOrientationLandscapeRight";
				INFOPLIST_KEY_UISupportedInterfaceOrientations_iPhone = "UIInterfaceOrientationPortrait UIInterfaceOrientationLandscapeLeft UIInterfaceOrientationLandscapeRight";
				LD_RUNPATH_SEARCH_PATHS = (
					"$(inherited)",
					"@executable_path/Frameworks",
				);
				MARKETING_VERSION = 1.0;
				PRODUCT_BUNDLE_IDENTIFIER = com.CatApp_Alamofire;
				PRODUCT_NAME = CatApp_Alamofire;
				SWIFT_EMIT_LOC_STRINGS = YES;
				SWIFT_VERSION = 5.0;
				TARGETED_DEVICE_FAMILY = "1,2";
			};
			name = Debug;
		};
		98B85A5C2D7FFA690045C41E /* Release */ = {
			isa = XCBuildConfiguration;
			buildSettings = {
				ASSETCATALOG_COMPILER_APPICON_NAME = AppIcon;
				ASSETCATALOG_COMPILER_GLOBAL_ACCENT_COLOR_NAME = AccentColor;
				CODE_SIGN_STYLE = Automatic;
				CURRENT_PROJECT_VERSION = 1;
				DEVELOPMENT_TEAM = M27RR2P58B;
				GENERATE_INFOPLIST_FILE = YES;
				INFOPLIST_FILE = CatApp_Alamofire/info.plist;
				INFOPLIST_KEY_NSPhotoLibraryAddUsageDescription = "사진 추가를 위해서는 권한이 필요합니다.";
				INFOPLIST_KEY_NSPhotoLibraryUsageDescription = "앨범 접근";
				INFOPLIST_KEY_UIApplicationSupportsIndirectInputEvents = YES;
				INFOPLIST_KEY_UILaunchStoryboardName = LaunchScreen;
				INFOPLIST_KEY_UIMainStoryboardFile = Main;
				INFOPLIST_KEY_UISupportedInterfaceOrientations_iPad = "UIInterfaceOrientationPortrait UIInterfaceOrientationPortraitUpsideDown UIInterfaceOrientationLandscapeLeft UIInterfaceOrientationLandscapeRight";
				INFOPLIST_KEY_UISupportedInterfaceOrientations_iPhone = "UIInterfaceOrientationPortrait UIInterfaceOrientationLandscapeLeft UIInterfaceOrientationLandscapeRight";
				LD_RUNPATH_SEARCH_PATHS = (
					"$(inherited)",
					"@executable_path/Frameworks",
				);
				MARKETING_VERSION = 1.0;
				PRODUCT_BUNDLE_IDENTIFIER = com.CatApp_Alamofire;
				PRODUCT_NAME = CatApp_Alamofire;
				SWIFT_EMIT_LOC_STRINGS = YES;
				SWIFT_VERSION = 5.0;
				TARGETED_DEVICE_FAMILY = "1,2";
			};
			name = Release;
		};
		98B85A5D2D7FFA690045C41E /* Debug */ = {
			isa = XCBuildConfiguration;
			buildSettings = {
				ALWAYS_SEARCH_USER_PATHS = NO;
				ASSETCATALOG_COMPILER_GENERATE_SWIFT_ASSET_SYMBOL_EXTENSIONS = YES;
				CLANG_ANALYZER_LOCALIZABILITY_NONLOCALIZED = YES;
				CLANG_ANALYZER_NONNULL = YES;
				CLANG_ANALYZER_NUMBER_OBJECT_CONVERSION = YES_AGGRESSIVE;
				CLANG_CXX_LANGUAGE_STANDARD = "gnu++20";
				CLANG_ENABLE_MODULES = YES;
				CLANG_ENABLE_OBJC_ARC = YES;
				CLANG_ENABLE_OBJC_WEAK = YES;
				CLANG_WARN_BLOCK_CAPTURE_AUTORELEASING = YES;
				CLANG_WARN_BOOL_CONVERSION = YES;
				CLANG_WARN_COMMA = YES;
				CLANG_WARN_CONSTANT_CONVERSION = YES;
				CLANG_WARN_DEPRECATED_OBJC_IMPLEMENTATIONS = YES;
				CLANG_WARN_DIRECT_OBJC_ISA_USAGE = YES_ERROR;
				CLANG_WARN_DOCUMENTATION_COMMENTS = YES;
				CLANG_WARN_EMPTY_BODY = YES;
				CLANG_WARN_ENUM_CONVERSION = YES;
				CLANG_WARN_INFINITE_RECURSION = YES;
				CLANG_WARN_INT_CONVERSION = YES;
				CLANG_WARN_NON_LITERAL_NULL_CONVERSION = YES;
				CLANG_WARN_OBJC_IMPLICIT_RETAIN_SELF = YES;
				CLANG_WARN_OBJC_LITERAL_CONVERSION = YES;
				CLANG_WARN_OBJC_ROOT_CLASS = YES_ERROR;
				CLANG_WARN_QUOTED_INCLUDE_IN_FRAMEWORK_HEADER = YES;
				CLANG_WARN_RANGE_LOOP_ANALYSIS = YES;
				CLANG_WARN_STRICT_PROTOTYPES = YES;
				CLANG_WARN_SUSPICIOUS_MOVE = YES;
				CLANG_WARN_UNGUARDED_AVAILABILITY = YES_AGGRESSIVE;
				CLANG_WARN_UNREACHABLE_CODE = YES;
				CLANG_WARN__DUPLICATE_METHOD_MATCH = YES;
				COPY_PHASE_STRIP = NO;
				DEBUG_INFORMATION_FORMAT = dwarf;
				ENABLE_STRICT_OBJC_MSGSEND = YES;
				ENABLE_TESTABILITY = YES;
				ENABLE_USER_SCRIPT_SANDBOXING = YES;
				GCC_C_LANGUAGE_STANDARD = gnu17;
				GCC_DYNAMIC_NO_PIC = NO;
				GCC_NO_COMMON_BLOCKS = YES;
				GCC_OPTIMIZATION_LEVEL = 0;
				GCC_PREPROCESSOR_DEFINITIONS = (
					"DEBUG=1",
					"$(inherited)",
				);
				GCC_WARN_64_TO_32_BIT_CONVERSION = YES;
				GCC_WARN_ABOUT_RETURN_TYPE = YES_ERROR;
				GCC_WARN_UNDECLARED_SELECTOR = YES;
				GCC_WARN_UNINITIALIZED_AUTOS = YES_AGGRESSIVE;
				GCC_WARN_UNUSED_FUNCTION = YES;
				GCC_WARN_UNUSED_VARIABLE = YES;
				IPHONEOS_DEPLOYMENT_TARGET = 18.2;
				LOCALIZATION_PREFERS_STRING_CATALOGS = YES;
				MTL_ENABLE_DEBUG_INFO = INCLUDE_SOURCE;
				MTL_FAST_MATH = YES;
				ONLY_ACTIVE_ARCH = YES;
				SDKROOT = iphoneos;
				SWIFT_ACTIVE_COMPILATION_CONDITIONS = "DEBUG $(inherited)";
				SWIFT_OPTIMIZATION_LEVEL = "-Onone";
			};
			name = Debug;
		};
		98B85A5E2D7FFA690045C41E /* Release */ = {
			isa = XCBuildConfiguration;
			buildSettings = {
				ALWAYS_SEARCH_USER_PATHS = NO;
				ASSETCATALOG_COMPILER_GENERATE_SWIFT_ASSET_SYMBOL_EXTENSIONS = YES;
				CLANG_ANALYZER_LOCALIZABILITY_NONLOCALIZED = YES;
				CLANG_ANALYZER_NONNULL = YES;
				CLANG_ANALYZER_NUMBER_OBJECT_CONVERSION = YES_AGGRESSIVE;
				CLANG_CXX_LANGUAGE_STANDARD = "gnu++20";
				CLANG_ENABLE_MODULES = YES;
				CLANG_ENABLE_OBJC_ARC = YES;
				CLANG_ENABLE_OBJC_WEAK = YES;
				CLANG_WARN_BLOCK_CAPTURE_AUTORELEASING = YES;
				CLANG_WARN_BOOL_CONVERSION = YES;
				CLANG_WARN_COMMA = YES;
				CLANG_WARN_CONSTANT_CONVERSION = YES;
				CLANG_WARN_DEPRECATED_OBJC_IMPLEMENTATIONS = YES;
				CLANG_WARN_DIRECT_OBJC_ISA_USAGE = YES_ERROR;
				CLANG_WARN_DOCUMENTATION_COMMENTS = YES;
				CLANG_WARN_EMPTY_BODY = YES;
				CLANG_WARN_ENUM_CONVERSION = YES;
				CLANG_WARN_INFINITE_RECURSION = YES;
				CLANG_WARN_INT_CONVERSION = YES;
				CLANG_WARN_NON_LITERAL_NULL_CONVERSION = YES;
				CLANG_WARN_OBJC_IMPLICIT_RETAIN_SELF = YES;
				CLANG_WARN_OBJC_LITERAL_CONVERSION = YES;
				CLANG_WARN_OBJC_ROOT_CLASS = YES_ERROR;
				CLANG_WARN_QUOTED_INCLUDE_IN_FRAMEWORK_HEADER = YES;
				CLANG_WARN_RANGE_LOOP_ANALYSIS = YES;
				CLANG_WARN_STRICT_PROTOTYPES = YES;
				CLANG_WARN_SUSPICIOUS_MOVE = YES;
				CLANG_WARN_UNGUARDED_AVAILABILITY = YES_AGGRESSIVE;
				CLANG_WARN_UNREACHABLE_CODE = YES;
				CLANG_WARN__DUPLICATE_METHOD_MATCH = YES;
				COPY_PHASE_STRIP = NO;
				DEBUG_INFORMATION_FORMAT = "dwarf-with-dsym";
				ENABLE_NS_ASSERTIONS = NO;
				ENABLE_STRICT_OBJC_MSGSEND = YES;
				ENABLE_USER_SCRIPT_SANDBOXING = YES;
				GCC_C_LANGUAGE_STANDARD = gnu17;
				GCC_NO_COMMON_BLOCKS = YES;
				GCC_WARN_64_TO_32_BIT_CONVERSION = YES;
				GCC_WARN_ABOUT_RETURN_TYPE = YES_ERROR;
				GCC_WARN_UNDECLARED_SELECTOR = YES;
				GCC_WARN_UNINITIALIZED_AUTOS = YES_AGGRESSIVE;
				GCC_WARN_UNUSED_FUNCTION = YES;
				GCC_WARN_UNUSED_VARIABLE = YES;
				IPHONEOS_DEPLOYMENT_TARGET = 18.2;
				LOCALIZATION_PREFERS_STRING_CATALOGS = YES;
				MTL_ENABLE_DEBUG_INFO = NO;
				MTL_FAST_MATH = YES;
				SDKROOT = iphoneos;
				SWIFT_COMPILATION_MODE = wholemodule;
				VALIDATE_PRODUCT = YES;
			};
			name = Release;
		};
		98B85A602D7FFA690045C41E /* Debug */ = {
			isa = XCBuildConfiguration;
			buildSettings = {
				BUNDLE_LOADER = "$(TEST_HOST)";
				CODE_SIGN_STYLE = Automatic;
				CURRENT_PROJECT_VERSION = 1;
				GENERATE_INFOPLIST_FILE = YES;
				IPHONEOS_DEPLOYMENT_TARGET = 18.2;
				MARKETING_VERSION = 1.0;
				PRODUCT_BUNDLE_IDENTIFIER = "com.CatApp-TurtorialTests";
				PRODUCT_NAME = "$(TARGET_NAME)";
				SWIFT_EMIT_LOC_STRINGS = NO;
				SWIFT_VERSION = 5.0;
				TARGETED_DEVICE_FAMILY = "1,2";
				TEST_HOST = "$(BUILT_PRODUCTS_DIR)/CatApp_Alamofire.app/$(BUNDLE_EXECUTABLE_FOLDER_PATH)/CatApp_Alamofire";
			};
			name = Debug;
		};
		98B85A612D7FFA690045C41E /* Release */ = {
			isa = XCBuildConfiguration;
			buildSettings = {
				BUNDLE_LOADER = "$(TEST_HOST)";
				CODE_SIGN_STYLE = Automatic;
				CURRENT_PROJECT_VERSION = 1;
				GENERATE_INFOPLIST_FILE = YES;
				IPHONEOS_DEPLOYMENT_TARGET = 18.2;
				MARKETING_VERSION = 1.0;
				PRODUCT_BUNDLE_IDENTIFIER = "com.CatApp-TurtorialTests";
				PRODUCT_NAME = "$(TARGET_NAME)";
				SWIFT_EMIT_LOC_STRINGS = NO;
				SWIFT_VERSION = 5.0;
				TARGETED_DEVICE_FAMILY = "1,2";
				TEST_HOST = "$(BUILT_PRODUCTS_DIR)/CatApp_Alamofire.app/$(BUNDLE_EXECUTABLE_FOLDER_PATH)/CatApp_Alamofire";
			};
			name = Release;
		};
		98B85A632D7FFA690045C41E /* Debug */ = {
			isa = XCBuildConfiguration;
			buildSettings = {
				CODE_SIGN_STYLE = Automatic;
				CURRENT_PROJECT_VERSION = 1;
				GENERATE_INFOPLIST_FILE = YES;
				MARKETING_VERSION = 1.0;
				PRODUCT_BUNDLE_IDENTIFIER = "com.CatApp-TurtorialUITests";
				PRODUCT_NAME = "$(TARGET_NAME)";
				SWIFT_EMIT_LOC_STRINGS = NO;
				SWIFT_VERSION = 5.0;
				TARGETED_DEVICE_FAMILY = "1,2";
				TEST_TARGET_NAME = CatApp_Turtorial;
			};
			name = Debug;
		};
		98B85A642D7FFA690045C41E /* Release */ = {
			isa = XCBuildConfiguration;
			buildSettings = {
				CODE_SIGN_STYLE = Automatic;
				CURRENT_PROJECT_VERSION = 1;
				GENERATE_INFOPLIST_FILE = YES;
				MARKETING_VERSION = 1.0;
				PRODUCT_BUNDLE_IDENTIFIER = "com.CatApp-TurtorialUITests";
				PRODUCT_NAME = "$(TARGET_NAME)";
				SWIFT_EMIT_LOC_STRINGS = NO;
				SWIFT_VERSION = 5.0;
				TARGETED_DEVICE_FAMILY = "1,2";
				TEST_TARGET_NAME = CatApp_Turtorial;
			};
			name = Release;
		};
/* End XCBuildConfiguration section */

/* Begin XCConfigurationList section */
		98B85A2C2D7FFA670045C41E /* Build configuration list for PBXProject "CatApp_Alamofire" */ = {
			isa = XCConfigurationList;
			buildConfigurations = (
				98B85A5D2D7FFA690045C41E /* Debug */,
				98B85A5E2D7FFA690045C41E /* Release */,
			);
			defaultConfigurationIsVisible = 0;
			defaultConfigurationName = Release;
		};
		98B85A5A2D7FFA690045C41E /* Build configuration list for PBXNativeTarget "CatApp_Alamofire" */ = {
			isa = XCConfigurationList;
			buildConfigurations = (
				98B85A5B2D7FFA690045C41E /* Debug */,
				98B85A5C2D7FFA690045C41E /* Release */,
			);
			defaultConfigurationIsVisible = 0;
			defaultConfigurationName = Release;
		};
		98B85A5F2D7FFA690045C41E /* Build configuration list for PBXNativeTarget "CatApp_AlamofireTests" */ = {
			isa = XCConfigurationList;
			buildConfigurations = (
				98B85A602D7FFA690045C41E /* Debug */,
				98B85A612D7FFA690045C41E /* Release */,
			);
			defaultConfigurationIsVisible = 0;
			defaultConfigurationName = Release;
		};
		98B85A622D7FFA690045C41E /* Build configuration list for PBXNativeTarget "CatApp_AlamofireUITests" */ = {
			isa = XCConfigurationList;
			buildConfigurations = (
				98B85A632D7FFA690045C41E /* Debug */,
				98B85A642D7FFA690045C41E /* Release */,
			);
			defaultConfigurationIsVisible = 0;
			defaultConfigurationName = Release;
		};
/* End XCConfigurationList section */

/* Begin XCRemoteSwiftPackageReference section */
		983F40702D96291500E60525 /* XCRemoteSwiftPackageReference "Toast-Swift" */ = {
			isa = XCRemoteSwiftPackageReference;
			repositoryURL = "https://github.com/scalessec/Toast-Swift.git";
			requirement = {
				kind = upToNextMajorVersion;
				minimumVersion = 5.1.1;
			};
		};
		98B860122D82BEEA0045C41E /* XCRemoteSwiftPackageReference "Kingfisher" */ = {
			isa = XCRemoteSwiftPackageReference;
			repositoryURL = "https://github.com/onevcat/Kingfisher.git";
			requirement = {
				kind = upToNextMajorVersion;
				minimumVersion = 8.3.0;
			};
		};
		98CAA4B92DAE2C9F003CC791 /* XCRemoteSwiftPackageReference "Alamofire" */ = {
			isa = XCRemoteSwiftPackageReference;
			repositoryURL = "https://github.com/Alamofire/Alamofire.git";
			requirement = {
				kind = upToNextMajorVersion;
				minimumVersion = 5.10.2;
			};
		};
/* End XCRemoteSwiftPackageReference section */

/* Begin XCSwiftPackageProductDependency section */
		983F40712D96291500E60525 /* Toast */ = {
			isa = XCSwiftPackageProductDependency;
			package = 983F40702D96291500E60525 /* XCRemoteSwiftPackageReference "Toast-Swift" */;
			productName = Toast;
		};
		98B860132D82BEEA0045C41E /* Kingfisher */ = {
			isa = XCSwiftPackageProductDependency;
			package = 98B860122D82BEEA0045C41E /* XCRemoteSwiftPackageReference "Kingfisher" */;
			productName = Kingfisher;
		};
		98CAA4BA2DAE2C9F003CC791 /* Alamofire */ = {
			isa = XCSwiftPackageProductDependency;
			package = 98CAA4B92DAE2C9F003CC791 /* XCRemoteSwiftPackageReference "Alamofire" */;
			productName = Alamofire;
		};
/* End XCSwiftPackageProductDependency section */
	};
	rootObject = 98B85A292D7FFA670045C41E /* Project object */;
}
